
Microsoft Visual Studio Solution File, Format Version 12.00
# Visual Studio Version 17
VisualStudioVersion = 17.9.34714.143
MinimumVisualStudioVersion = 10.0.40219.1
Project("{FAE04EC0-301F-11D3-BF4B-00C04F79EFBC}") = "mf-apis-web-services-fuel-manager", "mf-apis-web-services-fuel-manager\mf-apis-web-services-fuel-manager.csproj", "{5ABB349F-4A97-4281-8665-C97A1BF96FAB}"
EndProject
Global
	GlobalSection(SolutionConfigurationPlatforms) = preSolution
		Debug|Any CPU = Debug|Any CPU
		Release|Any CPU = Release|Any CPU
	EndGlobalSection
	GlobalSection(ProjectConfigurationPlatforms) = postSolution
		{5ABB349F-4A97-4281-8665-C97A1BF96FAB}.Debug|Any CPU.ActiveCfg = Debug|Any CPU
		{5ABB349F-4A97-4281-8665-C97A1BF96FAB}.Debug|Any CPU.Build.0 = Debug|Any CPU
		{5ABB349F-4A97-4281-8665-C97A1BF96FAB}.Release|Any CPU.ActiveCfg = Release|Any CPU
		{5ABB349F-4A97-4281-8665-C97A1BF96FAB}.Release|Any CPU.Build.0 = Release|Any CPU
	EndGlobalSection
	GlobalSection(SolutionProperties) = preSolution
		HideSolutionNode = FALSE
	EndGlobalSection
	GlobalSection(ExtensibilityGlobals) = postSolution
		SolutionGuid = {C917B423-5B2B-4C4B-8BDC-3BE040DD7C2C}
	EndGlobalSection
EndGlobal
